// !$*UTF8*$!
{
	archiveVersion = 1;
	classes = {
	};
	objectVersion = 77;
	objects = {

/* Begin PBXContainerItemProxy section */
		0B1DC1572CBB3C420012DFD8 /* PBXContainerItemProxy */ = {
			isa = PBXContainerItemProxy;
			containerPortal = 0B1DC13E2CBB3C3E0012DFD8 /* Project object */;
			proxyType = 1;
			remoteGlobalIDString = 0B1DC1452CBB3C3F0012DFD8;
			remoteInfo = googleapi;
		};
		0B1DC1612CBB3C420012DFD8 /* PBXContainerItemProxy */ = {
			isa = PBXContainerItemProxy;
			containerPortal = 0B1DC13E2CBB3C3E0012DFD8 /* Project object */;
			proxyType = 1;
			remoteGlobalIDString = 0B1DC1452CBB3C3F0012DFD8;
			remoteInfo = googleapi;
		};
/* End PBXContainerItemProxy section */

/* Begin PBXFileReference section */
		0B1DC1462CBB3C3F0012DFD8 /* googleapi.app */ = {isa = PBXFileReference; explicitFileType = wrapper.application; includeInIndex = 0; path = googleapi.app; sourceTree = BUILT_PRODUCTS_DIR; };
		0B1DC1562CBB3C420012DFD8 /* googleapiTests.xctest */ = {isa = PBXFileReference; explicitFileType = wrapper.cfbundle; includeInIndex = 0; path = googleapiTests.xctest; sourceTree = BUILT_PRODUCTS_DIR; };
		0B1DC1602CBB3C420012DFD8 /* googleapiUITests.xctest */ = {isa = PBXFileReference; explicitFileType = wrapper.cfbundle; includeInIndex = 0; path = googleapiUITests.xctest; sourceTree = BUILT_PRODUCTS_DIR; };
/* End PBXFileReference section */

/* Begin PBXFileSystemSynchronizedRootGroup section */
		0B1DC1482CBB3C3F0012DFD8 /* googleapi */ = {
			isa = PBXFileSystemSynchronizedRootGroup;
			path = googleapi;
			sourceTree = "<group>";
		};
		0B1DC1592CBB3C420012DFD8 /* googleapiTests */ = {
			isa = PBXFileSystemSynchronizedRootGroup;
			path = googleapiTests;
			sourceTree = "<group>";
		};
		0B1DC1632CBB3C420012DFD8 /* googleapiUITests */ = {
			isa = PBXFileSystemSynchronizedRootGroup;
			path = googleapiUITests;
			sourceTree = "<group>";
		};
/* End PBXFileSystemSynchronizedRootGroup section */

/* Begin PBXFrameworksBuildPhase section */
		0B1DC1432CBB3C3F0012DFD8 /* Frameworks */ = {
			isa = PBXFrameworksBuildPhase;
			buildActionMask = 2147483647;
			files = (
			);
			runOnlyForDeploymentPostprocessing = 0;
		};
		0B1DC1532CBB3C420012DFD8 /* Frameworks */ = {
			isa = PBXFrameworksBuildPhase;
			buildActionMask = 2147483647;
			files = (
			);
			runOnlyForDeploymentPostprocessing = 0;
		};
		0B1DC15D2CBB3C420012DFD8 /* Frameworks */ = {
			isa = PBXFrameworksBuildPhase;
			buildActionMask = 2147483647;
			files = (
			);
			runOnlyForDeploymentPostprocessing = 0;
		};
/* End PBXFrameworksBuildPhase section */

/* Begin PBXGroup section */
		0B1DC13D2CBB3C3E0012DFD8 = {
			isa = PBXGroup;
			children = (
				0B1DC1482CBB3C3F0012DFD8 /* googleapi */,
				0B1DC1592CBB3C420012DFD8 /* googleapiTests */,
				0B1DC1632CBB3C420012DFD8 /* googleapiUITests */,
				0B1DC1472CBB3C3F0012DFD8 /* Products */,
			);
			sourceTree = "<group>";
		};
		0B1DC1472CBB3C3F0012DFD8 /* Products */ = {
			isa = PBXGroup;
			children = (
				0B1DC1462CBB3C3F0012DFD8 /* googleapi.app */,
				0B1DC1562CBB3C420012DFD8 /* googleapiTests.xctest */,
				0B1DC1602CBB3C420012DFD8 /* googleapiUITests.xctest */,
			);
			name = Products;
			sourceTree = "<group>";
		};
/* End PBXGroup section */

/* Begin PBXNativeTarget section */
		0B1DC1452CBB3C3F0012DFD8 /* googleapi */ = {
			isa = PBXNativeTarget;
			buildConfigurationList = 0B1DC16A2CBB3C420012DFD8 /* Build configuration list for PBXNativeTarget "googleapi" */;
			buildPhases = (
				0B1DC1422CBB3C3F0012DFD8 /* Sources */,
				0B1DC1432CBB3C3F0012DFD8 /* Frameworks */,
				0B1DC1442CBB3C3F0012DFD8 /* Resources */,
			);
			buildRules = (
			);
			dependencies = (
			);
			fileSystemSynchronizedGroups = (
				0B1DC1482CBB3C3F0012DFD8 /* googleapi */,
			);
			name = googleapi;
			packageProductDependencies = (
			);
			productName = googleapi;
			productReference = 0B1DC1462CBB3C3F0012DFD8 /* googleapi.app */;
			productType = "com.apple.product-type.application";
		};
		0B1DC1552CBB3C420012DFD8 /* googleapiTests */ = {
			isa = PBXNativeTarget;
			buildConfigurationList = 0B1DC16D2CBB3C420012DFD8 /* Build configuration list for PBXNativeTarget "googleapiTests" */;
			buildPhases = (
				0B1DC1522CBB3C420012DFD8 /* Sources */,
				0B1DC1532CBB3C420012DFD8 /* Frameworks */,
				0B1DC1542CBB3C420012DFD8 /* Resources */,
			);
			buildRules = (
			);
			dependencies = (
				0B1DC1582CBB3C420012DFD8 /* PBXTargetDependency */,
			);
			fileSystemSynchronizedGroups = (
				0B1DC1592CBB3C420012DFD8 /* googleapiTests */,
			);
			name = googleapiTests;
			packageProductDependencies = (
			);
			productName = googleapiTests;
			productReference = 0B1DC1562CBB3C420012DFD8 /* googleapiTests.xctest */;
			productType = "com.apple.product-type.bundle.unit-test";
		};
		0B1DC15F2CBB3C420012DFD8 /* googleapiUITests */ = {
			isa = PBXNativeTarget;
			buildConfigurationList = 0B1DC1702CBB3C420012DFD8 /* Build configuration list for PBXNativeTarget "googleapiUITests" */;
			buildPhases = (
				0B1DC15C2CBB3C420012DFD8 /* Sources */,
				0B1DC15D2CBB3C420012DFD8 /* Frameworks */,
				0B1DC15E2CBB3C420012DFD8 /* Resources */,
			);
			buildRules = (
			);
			dependencies = (
				0B1DC1622CBB3C420012DFD8 /* PBXTargetDependency */,
			);
			fileSystemSynchronizedGroups = (
				0B1DC1632CBB3C420012DFD8 /* googleapiUITests */,
			);
			name = googleapiUITests;
			packageProductDependencies = (
			);
			productName = googleapiUITests;
			productReference = 0B1DC1602CBB3C420012DFD8 /* googleapiUITests.xctest */;
			productType = "com.apple.product-type.bundle.ui-testing";
		};
/* End PBXNativeTarget section */

/* Begin PBXProject section */
		0B1DC13E2CBB3C3E0012DFD8 /* Project object */ = {
			isa = PBXProject;
			attributes = {
				BuildIndependentTargetsInParallel = 1;
				LastSwiftUpdateCheck = 1600;
				LastUpgradeCheck = 1600;
				TargetAttributes = {
					0B1DC1452CBB3C3F0012DFD8 = {
						CreatedOnToolsVersion = 16.0;
					};
					0B1DC1552CBB3C420012DFD8 = {
						CreatedOnToolsVersion = 16.0;
						TestTargetID = 0B1DC1452CBB3C3F0012DFD8;
					};
					0B1DC15F2CBB3C420012DFD8 = {
						CreatedOnToolsVersion = 16.0;
						TestTargetID = 0B1DC1452CBB3C3F0012DFD8;
					};
				};
			};
			buildConfigurationList = 0B1DC1412CBB3C3E0012DFD8 /* Build configuration list for PBXProject "googleapi" */;
			developmentRegion = en;
			hasScannedForEncodings = 0;
			knownRegions = (
				en,
				Base,
			);
			mainGroup = 0B1DC13D2CBB3C3E0012DFD8;
			minimizedProjectReferenceProxies = 1;
			preferredProjectObjectVersion = 77;
			productRefGroup = 0B1DC1472CBB3C3F0012DFD8 /* Products */;
			projectDirPath = "";
			projectRoot = "";
			targets = (
				0B1DC1452CBB3C3F0012DFD8 /* googleapi */,
				0B1DC1552CBB3C420012DFD8 /* googleapiTests */,
				0B1DC15F2CBB3C420012DFD8 /* googleapiUITests */,
			);
		};
/* End PBXProject section */

/* Begin PBXResourcesBuildPhase section */
		0B1DC1442CBB3C3F0012DFD8 /* Resources */ = {
			isa = PBXResourcesBuildPhase;
			buildActionMask = 2147483647;
			files = (
			);
			runOnlyForDeploymentPostprocessing = 0;
		};
		0B1DC1542CBB3C420012DFD8 /* Resources */ = {
			isa = PBXResourcesBuildPhase;
			buildActionMask = 2147483647;
			files = (
			);
			runOnlyForDeploymentPostprocessing = 0;
		};
		0B1DC15E2CBB3C420012DFD8 /* Resources */ = {
			isa = PBXResourcesBuildPhase;
			buildActionMask = 2147483647;
			files = (
			);
			runOnlyForDeploymentPostprocessing = 0;
		};
/* End PBXResourcesBuildPhase section */

/* Begin PBXSourcesBuildPhase section */
		0B1DC1422CBB3C3F0012DFD8 /* Sources */ = {
			isa = PBXSourcesBuildPhase;
			buildActionMask = 2147483647;
			files = (
			);
			runOnlyForDeploymentPostprocessing = 0;
		};
		0B1DC1522CBB3C420012DFD8 /* Sources */ = {
			isa = PBXSourcesBuildPhase;
			buildActionMask = 2147483647;
			files = (
			);
			runOnlyForDeploymentPostprocessing = 0;
		};
		0B1DC15C2CBB3C420012DFD8 /* Sources */ = {
			isa = PBXSourcesBuildPhase;
			buildActionMask = 2147483647;
			files = (
			);
			runOnlyForDeploymentPostprocessing = 0;
		};
/* End PBXSourcesBuildPhase section */

/* Begin PBXTargetDependency section */
		0B1DC1582CBB3C420012DFD8 /* PBXTargetDependency */ = {
			isa = PBXTargetDependency;
			target = 0B1DC1452CBB3C3F0012DFD8 /* googleapi */;
			targetProxy = 0B1DC1572CBB3C420012DFD8 /* PBXContainerItemProxy */;
		};
		0B1DC1622CBB3C420012DFD8 /* PBXTargetDependency */ = {
			isa = PBXTargetDependency;
			target = 0B1DC1452CBB3C3F0012DFD8 /* googleapi */;
			targetProxy = 0B1DC1612CBB3C420012DFD8 /* PBXContainerItemProxy */;
		};
/* End PBXTargetDependency section */

/* Begin XCBuildConfiguration section */
		0B1DC1682CBB3C420012DFD8 /* Debug */ = {
			isa = XCBuildConfiguration;
			buildSettings = {
				ALWAYS_SEARCH_USER_PATHS = NO;
				ASSETCATALOG_COMPILER_GENERATE_SWIFT_ASSET_SYMBOL_EXTENSIONS = YES;
				CLANG_ANALYZER_NONNULL = YES;
				CLANG_ANALYZER_NUMBER_OBJECT_CONVERSION = YES_AGGRESSIVE;
				CLANG_CXX_LANGUAGE_STANDARD = "gnu++20";
				CLANG_ENABLE_MODULES = YES;
				CLANG_ENABLE_OBJC_ARC = YES;
				CLANG_ENABLE_OBJC_WEAK = YES;
				CLANG_WARN_BLOCK_CAPTURE_AUTORELEASING = YES;
				CLANG_WARN_BOOL_CONVERSION = YES;
				CLANG_WARN_COMMA = YES;
				CLANG_WARN_CONSTANT_CONVERSION = YES;
				CLANG_WARN_DEPRECATED_OBJC_IMPLEMENTATIONS = YES;
				CLANG_WARN_DIRECT_OBJC_ISA_USAGE = YES_ERROR;
				CLANG_WARN_DOCUMENTATION_COMMENTS = YES;
				CLANG_WARN_EMPTY_BODY = YES;
				CLANG_WARN_ENUM_CONVERSION = YES;
				CLANG_WARN_INFINITE_RECURSION = YES;
				CLANG_WARN_INT_CONVERSION = YES;
				CLANG_WARN_NON_LITERAL_NULL_CONVERSION = YES;
				CLANG_WARN_OBJC_IMPLICIT_RETAIN_SELF = YES;
				CLANG_WARN_OBJC_LITERAL_CONVERSION = YES;
				CLANG_WARN_OBJC_ROOT_CLASS = YES_ERROR;
				CLANG_WARN_QUOTED_INCLUDE_IN_FRAMEWORK_HEADER = YES;
				CLANG_WARN_RANGE_LOOP_ANALYSIS = YES;
				CLANG_WARN_STRICT_PROTOTYPES = YES;
				CLANG_WARN_SUSPICIOUS_MOVE = YES;
				CLANG_WARN_UNGUARDED_AVAILABILITY = YES_AGGRESSIVE;
				CLANG_WARN_UNREACHABLE_CODE = YES;
				CLANG_WARN__DUPLICATE_METHOD_MATCH = YES;
				COPY_PHASE_STRIP = NO;
				DEBUG_INFORMATION_FORMAT = dwarf;
				ENABLE_STRICT_OBJC_MSGSEND = YES;
				ENABLE_TESTABILITY = YES;
				ENABLE_USER_SCRIPT_SANDBOXING = YES;
				GCC_C_LANGUAGE_STANDARD = gnu17;
				GCC_DYNAMIC_NO_PIC = NO;
				GCC_NO_COMMON_BLOCKS = YES;
				GCC_OPTIMIZATION_LEVEL = 0;
				GCC_PREPROCESSOR_DEFINITIONS = (
					"DEBUG=1",
					"$(inherited)",
				);
				GCC_WARN_64_TO_32_BIT_CONVERSION = YES;
				GCC_WARN_ABOUT_RETURN_TYPE = YES_ERROR;
				GCC_WARN_UNDECLARED_SELECTOR = YES;
				GCC_WARN_UNINITIALIZED_AUTOS = YES_AGGRESSIVE;
				GCC_WARN_UNUSED_FUNCTION = YES;
				GCC_WARN_UNUSED_VARIABLE = YES;
				IPHONEOS_DEPLOYMENT_TARGET = 18.0;
				LOCALIZATION_PREFERS_STRING_CATALOGS = YES;
				MTL_ENABLE_DEBUG_INFO = INCLUDE_SOURCE;
				MTL_FAST_MATH = YES;
				ONLY_ACTIVE_ARCH = YES;
				SDKROOT = iphoneos;
				SWIFT_ACTIVE_COMPILATION_CONDITIONS = "DEBUG $(inherited)";
				SWIFT_OPTIMIZATION_LEVEL = "-Onone";
			};
			name = Debug;
		};
		0B1DC1692CBB3C420012DFD8 /* Release */ = {
			isa = XCBuildConfiguration;
			buildSettings = {
				ALWAYS_SEARCH_USER_PATHS = NO;
				ASSETCATALOG_COMPILER_GENERATE_SWIFT_ASSET_SYMBOL_EXTENSIONS = YES;
				CLANG_ANALYZER_NONNULL = YES;
				CLANG_ANALYZER_NUMBER_OBJECT_CONVERSION = YES_AGGRESSIVE;
				CLANG_CXX_LANGUAGE_STANDARD = "gnu++20";
				CLANG_ENABLE_MODULES = YES;
				CLANG_ENABLE_OBJC_ARC = YES;
				CLANG_ENABLE_OBJC_WEAK = YES;
				CLANG_WARN_BLOCK_CAPTURE_AUTORELEASING = YES;
				CLANG_WARN_BOOL_CONVERSION = YES;
				CLANG_WARN_COMMA = YES;
				CLANG_WARN_CONSTANT_CONVERSION = YES;
				CLANG_WARN_DEPRECATED_OBJC_IMPLEMENTATIONS = YES;
				CLANG_WARN_DIRECT_OBJC_ISA_USAGE = YES_ERROR;
				CLANG_WARN_DOCUMENTATION_COMMENTS = YES;
				CLANG_WARN_EMPTY_BODY = YES;
				CLANG_WARN_ENUM_CONVERSION = YES;
				CLANG_WARN_INFINITE_RECURSION = YES;
				CLANG_WARN_INT_CONVERSION = YES;
				CLANG_WARN_NON_LITERAL_NULL_CONVERSION = YES;
				CLANG_WARN_OBJC_IMPLICIT_RETAIN_SELF = YES;
				CLANG_WARN_OBJC_LITERAL_CONVERSION = YES;
				CLANG_WARN_OBJC_ROOT_CLASS = YES_ERROR;
				CLANG_WARN_QUOTED_INCLUDE_IN_FRAMEWORK_HEADER = YES;
				CLANG_WARN_RANGE_LOOP_ANALYSIS = YES;
				CLANG_WARN_STRICT_PROTOTYPES = YES;
				CLANG_WARN_SUSPICIOUS_MOVE = YES;
				CLANG_WARN_UNGUARDED_AVAILABILITY = YES_AGGRESSIVE;
				CLANG_WARN_UNREACHABLE_CODE = YES;
				CLANG_WARN__DUPLICATE_METHOD_MATCH = YES;
				COPY_PHASE_STRIP = NO;
				DEBUG_INFORMATION_FORMAT = "dwarf-with-dsym";
				ENABLE_NS_ASSERTIONS = NO;
				ENABLE_STRICT_OBJC_MSGSEND = YES;
				ENABLE_USER_SCRIPT_SANDBOXING = YES;
				GCC_C_LANGUAGE_STANDARD = gnu17;
				GCC_NO_COMMON_BLOCKS = YES;
				GCC_WARN_64_TO_32_BIT_CONVERSION = YES;
				GCC_WARN_ABOUT_RETURN_TYPE = YES_ERROR;
				GCC_WARN_UNDECLARED_SELECTOR = YES;
				GCC_WARN_UNINITIALIZED_AUTOS = YES_AGGRESSIVE;
				GCC_WARN_UNUSED_FUNCTION = YES;
				GCC_WARN_UNUSED_VARIABLE = YES;
				IPHONEOS_DEPLOYMENT_TARGET = 18.0;
				LOCALIZATION_PREFERS_STRING_CATALOGS = YES;
				MTL_ENABLE_DEBUG_INFO = NO;
				MTL_FAST_MATH = YES;
				SDKROOT = iphoneos;
				SWIFT_COMPILATION_MODE = wholemodule;
				VALIDATE_PRODUCT = YES;
			};
			name = Release;
		};
		0B1DC16B2CBB3C420012DFD8 /* Debug */ = {
			isa = XCBuildConfiguration;
			buildSettings = {
				ASSETCATALOG_COMPILER_APPICON_NAME = AppIcon;
				ASSETCATALOG_COMPILER_GLOBAL_ACCENT_COLOR_NAME = AccentColor;
				CODE_SIGN_STYLE = Automatic;
				CURRENT_PROJECT_VERSION = 1;
				DEVELOPMENT_ASSET_PATHS = "\"googleapi/Preview Content\"";
				DEVELOPMENT_TEAM = D88ZWFG8VK;
				ENABLE_PREVIEWS = YES;
				GENERATE_INFOPLIST_FILE = YES;
				INFOPLIST_KEY_UIApplicationSceneManifest_Generation = YES;
				INFOPLIST_KEY_UIApplicationSupportsIndirectInputEvents = YES;
				INFOPLIST_KEY_UILaunchScreen_Generation = YES;
				INFOPLIST_KEY_UISupportedInterfaceOrientations_iPad = "UIInterfaceOrientationPortrait UIInterfaceOrientationPortraitUpsideDown UIInterfaceOrientationLandscapeLeft UIInterfaceOrientationLandscapeRight";
				INFOPLIST_KEY_UISupportedInterfaceOrientations_iPhone = "UIInterfaceOrientationPortrait UIInterfaceOrientationLandscapeLeft UIInterfaceOrientationLandscapeRight";
				LD_RUNPATH_SEARCH_PATHS = (
					"$(inherited)",
					"@executable_path/Frameworks",
				);
				MARKETING_VERSION = 1.0;
				PRODUCT_BUNDLE_IDENTIFIER = cs184.googleapi;
				PRODUCT_NAME = "$(TARGET_NAME)";
				SWIFT_EMIT_LOC_STRINGS = YES;
				SWIFT_VERSION = 5.0;
				TARGETED_DEVICE_FAMILY = "1,2";
			};
			name = Debug;
		};
		0B1DC16C2CBB3C420012DFD8 /* Release */ = {
			isa = XCBuildConfiguration;
			buildSettings = {
				ASSETCATALOG_COMPILER_APPICON_NAME = AppIcon;
				ASSETCATALOG_COMPILER_GLOBAL_ACCENT_COLOR_NAME = AccentColor;
				CODE_SIGN_STYLE = Automatic;
				CURRENT_PROJECT_VERSION = 1;
				DEVELOPMENT_ASSET_PATHS = "\"googleapi/Preview Content\"";
				DEVELOPMENT_TEAM = D88ZWFG8VK;
				ENABLE_PREVIEWS = YES;
				GENERATE_INFOPLIST_FILE = YES;
				INFOPLIST_KEY_UIApplicationSceneManifest_Generation = YES;
				INFOPLIST_KEY_UIApplicationSupportsIndirectInputEvents = YES;
				INFOPLIST_KEY_UILaunchScreen_Generation = YES;
				INFOPLIST_KEY_UISupportedInterfaceOrientations_iPad = "UIInterfaceOrientationPortrait UIInterfaceOrientationPortraitUpsideDown UIInterfaceOrientationLandscapeLeft UIInterfaceOrientationLandscapeRight";
				INFOPLIST_KEY_UISupportedInterfaceOrientations_iPhone = "UIInterfaceOrientationPortrait UIInterfaceOrientationLandscapeLeft UIInterfaceOrientationLandscapeRight";
				LD_RUNPATH_SEARCH_PATHS = (
					"$(inherited)",
					"@executable_path/Frameworks",
				);
				MARKETING_VERSION = 1.0;
				PRODUCT_BUNDLE_IDENTIFIER = cs184.googleapi;
				PRODUCT_NAME = "$(TARGET_NAME)";
				SWIFT_EMIT_LOC_STRINGS = YES;
				SWIFT_VERSION = 5.0;
				TARGETED_DEVICE_FAMILY = "1,2";
			};
			name = Release;
		};
		0B1DC16E2CBB3C420012DFD8 /* Debug */ = {
			isa = XCBuildConfiguration;
			buildSettings = {
				BUNDLE_LOADER = "$(TEST_HOST)";
				CODE_SIGN_STYLE = Automatic;
				CURRENT_PROJECT_VERSION = 1;
				DEVELOPMENT_TEAM = D88ZWFG8VK;
				GENERATE_INFOPLIST_FILE = YES;
				IPHONEOS_DEPLOYMENT_TARGET = 18.0;
				MARKETING_VERSION = 1.0;
				PRODUCT_BUNDLE_IDENTIFIER = cs184.googleapiTests;
				PRODUCT_NAME = "$(TARGET_NAME)";
				SWIFT_EMIT_LOC_STRINGS = NO;
				SWIFT_VERSION = 5.0;
				TARGETED_DEVICE_FAMILY = "1,2";
				TEST_HOST = "$(BUILT_PRODUCTS_DIR)/googleapi.app/$(BUNDLE_EXECUTABLE_FOLDER_PATH)/googleapi";
			};
			name = Debug;
		};
		0B1DC16F2CBB3C420012DFD8 /* Release */ = {
			isa = XCBuildConfiguration;
			buildSettings = {
				BUNDLE_LOADER = "$(TEST_HOST)";
				CODE_SIGN_STYLE = Automatic;
				CURRENT_PROJECT_VERSION = 1;
				DEVELOPMENT_TEAM = D88ZWFG8VK;
				GENERATE_INFOPLIST_FILE = YES;
				IPHONEOS_DEPLOYMENT_TARGET = 18.0;
				MARKETING_VERSION = 1.0;
				PRODUCT_BUNDLE_IDENTIFIER = cs184.googleapiTests;
				PRODUCT_NAME = "$(TARGET_NAME)";
				SWIFT_EMIT_LOC_STRINGS = NO;
				SWIFT_VERSION = 5.0;
				TARGETED_DEVICE_FAMILY = "1,2";
				TEST_HOST = "$(BUILT_PRODUCTS_DIR)/googleapi.app/$(BUNDLE_EXECUTABLE_FOLDER_PATH)/googleapi";
			};
			name = Release;
		};
		0B1DC1712CBB3C420012DFD8 /* Debug */ = {
			isa = XCBuildConfiguration;
			buildSettings = {
				CODE_SIGN_STYLE = Automatic;
				CURRENT_PROJECT_VERSION = 1;
				DEVELOPMENT_TEAM = D88ZWFG8VK;
				GENERATE_INFOPLIST_FILE = YES;
				MARKETING_VERSION = 1.0;
				PRODUCT_BUNDLE_IDENTIFIER = cs184.googleapiUITests;
				PRODUCT_NAME = "$(TARGET_NAME)";
				SWIFT_EMIT_LOC_STRINGS = NO;
				SWIFT_VERSION = 5.0;
				TARGETED_DEVICE_FAMILY = "1,2";
				TEST_TARGET_NAME = googleapi;
			};
			name = Debug;
		};
		0B1DC1722CBB3C420012DFD8 /* Release */ = {
			isa = XCBuildConfiguration;
			buildSettings = {
				CODE_SIGN_STYLE = Automatic;
				CURRENT_PROJECT_VERSION = 1;
				DEVELOPMENT_TEAM = D88ZWFG8VK;
				GENERATE_INFOPLIST_FILE = YES;
				MARKETING_VERSION = 1.0;
				PRODUCT_BUNDLE_IDENTIFIER = cs184.googleapiUITests;
				PRODUCT_NAME = "$(TARGET_NAME)";
				SWIFT_EMIT_LOC_STRINGS = NO;
				SWIFT_VERSION = 5.0;
				TARGETED_DEVICE_FAMILY = "1,2";
				TEST_TARGET_NAME = googleapi;
			};
			name = Release;
		};
/* End XCBuildConfiguration section */

/* Begin XCConfigurationList section */
		0B1DC1412CBB3C3E0012DFD8 /* Build configuration list for PBXProject "googleapi" */ = {
			isa = XCConfigurationList;
			buildConfigurations = (
				0B1DC1682CBB3C420012DFD8 /* Debug */,
				0B1DC1692CBB3C420012DFD8 /* Release */,
			);
			defaultConfigurationIsVisible = 0;
			defaultConfigurationName = Release;
		};
		0B1DC16A2CBB3C420012DFD8 /* Build configuration list for PBXNativeTarget "googleapi" */ = {
			isa = XCConfigurationList;
			buildConfigurations = (
				0B1DC16B2CBB3C420012DFD8 /* Debug */,
				0B1DC16C2CBB3C420012DFD8 /* Release */,
			);
			defaultConfigurationIsVisible = 0;
			defaultConfigurationName = Release;
		};
		0B1DC16D2CBB3C420012DFD8 /* Build configuration list for PBXNativeTarget "googleapiTests" */ = {
			isa = XCConfigurationList;
			buildConfigurations = (
				0B1DC16E2CBB3C420012DFD8 /* Debug */,
				0B1DC16F2CBB3C420012DFD8 /* Release */,
			);
			defaultConfigurationIsVisible = 0;
			defaultConfigurationName = Release;
		};
		0B1DC1702CBB3C420012DFD8 /* Build configuration list for PBXNativeTarget "googleapiUITests" */ = {
			isa = XCConfigurationList;
			buildConfigurations = (
				0B1DC1712CBB3C420012DFD8 /* Debug */,
				0B1DC1722CBB3C420012DFD8 /* Release */,
			);
			defaultConfigurationIsVisible = 0;
			defaultConfigurationName = Release;
		};
/* End XCConfigurationList section */
	};
	rootObject = 0B1DC13E2CBB3C3E0012DFD8 /* Project object */;
}
