// !$*UTF8*$!
{
	archiveVersion = 1;
	classes = {
	};
	objectVersion = 56;
	objects = {

/* Begin PBXBuildFile section */
		33492C082CC6DE150079C5F6 /* HomeView.swift in Sources */ = {isa = PBXBuildFile; fileRef = 33492C072CC6DE150079C5F6 /* HomeView.swift */; };
		3370D5AE2CB4F41800ADFCB1 /* RealEstateARApp.swift in Sources */ = {isa = PBXBuildFile; fileRef = 3370D5AD2CB4F41800ADFCB1 /* RealEstateARApp.swift */; };
		3370D5B02CB4F41800ADFCB1 /* ContentView.swift in Sources */ = {isa = PBXBuildFile; fileRef = 3370D5AF2CB4F41800ADFCB1 /* ContentView.swift */; };
		3370D5B22CB4F41A00ADFCB1 /* Assets.xcassets in Resources */ = {isa = PBXBuildFile; fileRef = 3370D5B12CB4F41A00ADFCB1 /* Assets.xcassets */; };
		3370D5B52CB4F41A00ADFCB1 /* Preview Assets.xcassets in Resources */ = {isa = PBXBuildFile; fileRef = 3370D5B42CB4F41A00ADFCB1 /* Preview Assets.xcassets */; };
		3370D5B72CB4F41A00ADFCB1 /* Persistence.swift in Sources */ = {isa = PBXBuildFile; fileRef = 3370D5B62CB4F41A00ADFCB1 /* Persistence.swift */; };
		3370D5BA2CB4F41A00ADFCB1 /* RealEstateAR.xcdatamodeld in Sources */ = {isa = PBXBuildFile; fileRef = 3370D5B82CB4F41A00ADFCB1 /* RealEstateAR.xcdatamodeld */; };
		33C040092CBF59AF00ED2053 /* LoginView.swift in Sources */ = {isa = PBXBuildFile; fileRef = 33C040082CBF59AF00ED2053 /* LoginView.swift */; };
		33C0400F2CC0690900ED2053 /* FirebaseAuth in Frameworks */ = {isa = PBXBuildFile; productRef = 33C0400E2CC0690900ED2053 /* FirebaseAuth */; };
		33C040112CC0690900ED2053 /* FirebaseCore in Frameworks */ = {isa = PBXBuildFile; productRef = 33C040102CC0690900ED2053 /* FirebaseCore */; };
		33C040132CC0690900ED2053 /* FirebaseFirestore in Frameworks */ = {isa = PBXBuildFile; productRef = 33C040122CC0690900ED2053 /* FirebaseFirestore */; };
		33C040162CC32E2300ED2053 /* GoogleSignIn in Frameworks */ = {isa = PBXBuildFile; productRef = 33C040152CC32E2300ED2053 /* GoogleSignIn */; };
		33C040182CC32E2300ED2053 /* GoogleSignInSwift in Frameworks */ = {isa = PBXBuildFile; productRef = 33C040172CC32E2300ED2053 /* GoogleSignInSwift */; };
		33C0401A2CC3398600ED2053 /* GoogleService-Info.plist in Resources */ = {isa = PBXBuildFile; fileRef = 33C040192CC3398600ED2053 /* GoogleService-Info.plist */; };
/* End PBXBuildFile section */

/* Begin PBXFileReference section */
		33492C072CC6DE150079C5F6 /* HomeView.swift */ = {isa = PBXFileReference; lastKnownFileType = sourcecode.swift; path = HomeView.swift; sourceTree = "<group>"; };
		3370D5AA2CB4F41800ADFCB1 /* RealEstateAR.app */ = {isa = PBXFileReference; explicitFileType = wrapper.application; includeInIndex = 0; path = RealEstateAR.app; sourceTree = BUILT_PRODUCTS_DIR; };
		3370D5AD2CB4F41800ADFCB1 /* RealEstateARApp.swift */ = {isa = PBXFileReference; lastKnownFileType = sourcecode.swift; path = RealEstateARApp.swift; sourceTree = "<group>"; };
		3370D5AF2CB4F41800ADFCB1 /* ContentView.swift */ = {isa = PBXFileReference; lastKnownFileType = sourcecode.swift; path = ContentView.swift; sourceTree = "<group>"; };
		3370D5B12CB4F41A00ADFCB1 /* Assets.xcassets */ = {isa = PBXFileReference; lastKnownFileType = folder.assetcatalog; path = Assets.xcassets; sourceTree = "<group>"; };
		3370D5B42CB4F41A00ADFCB1 /* Preview Assets.xcassets */ = {isa = PBXFileReference; lastKnownFileType = folder.assetcatalog; path = "Preview Assets.xcassets"; sourceTree = "<group>"; };
		3370D5B62CB4F41A00ADFCB1 /* Persistence.swift */ = {isa = PBXFileReference; lastKnownFileType = sourcecode.swift; path = Persistence.swift; sourceTree = "<group>"; };
		3370D5B92CB4F41A00ADFCB1 /* RealEstateAR.xcdatamodel */ = {isa = PBXFileReference; lastKnownFileType = wrapper.xcdatamodel; path = RealEstateAR.xcdatamodel; sourceTree = "<group>"; };
		33C040082CBF59AF00ED2053 /* LoginView.swift */ = {isa = PBXFileReference; lastKnownFileType = sourcecode.swift; path = LoginView.swift; sourceTree = "<group>"; };
		33C0400B2CBF5F1900ED2053 /* Info.plist */ = {isa = PBXFileReference; lastKnownFileType = text.plist; path = Info.plist; sourceTree = "<group>"; };
		33C040192CC3398600ED2053 /* GoogleService-Info.plist */ = {isa = PBXFileReference; fileEncoding = 4; lastKnownFileType = text.plist.xml; path = "GoogleService-Info.plist"; sourceTree = "<group>"; };
/* End PBXFileReference section */

/* Begin PBXFrameworksBuildPhase section */
		3370D5A72CB4F41800ADFCB1 /* Frameworks */ = {
			isa = PBXFrameworksBuildPhase;
			buildActionMask = 2147483647;
			files = (
				33C040182CC32E2300ED2053 /* GoogleSignInSwift in Frameworks */,
				33C040112CC0690900ED2053 /* FirebaseCore in Frameworks */,
				33C040162CC32E2300ED2053 /* GoogleSignIn in Frameworks */,
				33C0400F2CC0690900ED2053 /* FirebaseAuth in Frameworks */,
				33C040132CC0690900ED2053 /* FirebaseFirestore in Frameworks */,
			);
			runOnlyForDeploymentPostprocessing = 0;
		};
/* End PBXFrameworksBuildPhase section */

/* Begin PBXGroup section */
		3370D5A12CB4F41800ADFCB1 = {
			isa = PBXGroup;
			children = (
				3370D5AC2CB4F41800ADFCB1 /* RealEstateAR */,
				3370D5AB2CB4F41800ADFCB1 /* Products */,
			);
			sourceTree = "<group>";
		};
		3370D5AB2CB4F41800ADFCB1 /* Products */ = {
			isa = PBXGroup;
			children = (
				3370D5AA2CB4F41800ADFCB1 /* RealEstateAR.app */,
			);
			name = Products;
			sourceTree = "<group>";
		};
		3370D5AC2CB4F41800ADFCB1 /* RealEstateAR */ = {
			isa = PBXGroup;
			children = (
				33C0400B2CBF5F1900ED2053 /* Info.plist */,
				33C040192CC3398600ED2053 /* GoogleService-Info.plist */,
				3370D5AD2CB4F41800ADFCB1 /* RealEstateARApp.swift */,
				3370D5AF2CB4F41800ADFCB1 /* ContentView.swift */,
				33C040082CBF59AF00ED2053 /* LoginView.swift */,
				33492C072CC6DE150079C5F6 /* HomeView.swift */,
				3370D5B12CB4F41A00ADFCB1 /* Assets.xcassets */,
				3370D5B62CB4F41A00ADFCB1 /* Persistence.swift */,
				3370D5B82CB4F41A00ADFCB1 /* RealEstateAR.xcdatamodeld */,
				3370D5B32CB4F41A00ADFCB1 /* Preview Content */,
			);
			path = RealEstateAR;
			sourceTree = "<group>";
		};
		3370D5B32CB4F41A00ADFCB1 /* Preview Content */ = {
			isa = PBXGroup;
			children = (
				3370D5B42CB4F41A00ADFCB1 /* Preview Assets.xcassets */,
			);
			path = "Preview Content";
			sourceTree = "<group>";
		};
/* End PBXGroup section */

/* Begin PBXNativeTarget section */
		3370D5A92CB4F41800ADFCB1 /* RealEstateAR */ = {
			isa = PBXNativeTarget;
			buildConfigurationList = 3370D5BD2CB4F41A00ADFCB1 /* Build configuration list for PBXNativeTarget "RealEstateAR" */;
			buildPhases = (
				3370D5A62CB4F41800ADFCB1 /* Sources */,
				3370D5A72CB4F41800ADFCB1 /* Frameworks */,
				3370D5A82CB4F41800ADFCB1 /* Resources */,
			);
			buildRules = (
			);
			dependencies = (
			);
			name = RealEstateAR;
			packageProductDependencies = (
				33C0400E2CC0690900ED2053 /* FirebaseAuth */,
				33C040102CC0690900ED2053 /* FirebaseCore */,
				33C040122CC0690900ED2053 /* FirebaseFirestore */,
				33C040152CC32E2300ED2053 /* GoogleSignIn */,
				33C040172CC32E2300ED2053 /* GoogleSignInSwift */,
			);
			productName = RealEstateAR;
			productReference = 3370D5AA2CB4F41800ADFCB1 /* RealEstateAR.app */;
			productType = "com.apple.product-type.application";
		};
/* End PBXNativeTarget section */

/* Begin PBXProject section */
		3370D5A22CB4F41800ADFCB1 /* Project object */ = {
			isa = PBXProject;
			attributes = {
				BuildIndependentTargetsInParallel = 1;
				LastSwiftUpdateCheck = 1540;
				LastUpgradeCheck = 1540;
				TargetAttributes = {
					3370D5A92CB4F41800ADFCB1 = {
						CreatedOnToolsVersion = 15.4;
					};
				};
			};
			buildConfigurationList = 3370D5A52CB4F41800ADFCB1 /* Build configuration list for PBXProject "RealEstateAR" */;
			compatibilityVersion = "Xcode 14.0";
			developmentRegion = en;
			hasScannedForEncodings = 0;
			knownRegions = (
				en,
				Base,
			);
			mainGroup = 3370D5A12CB4F41800ADFCB1;
			packageReferences = (
				33C0400A2CBF5E5100ED2053 /* XCRemoteSwiftPackageReference "firebase-ios-sdk" */,
				33C040142CC32E2300ED2053 /* XCRemoteSwiftPackageReference "GoogleSignIn-iOS" */,
			);
			productRefGroup = 3370D5AB2CB4F41800ADFCB1 /* Products */;
			projectDirPath = "";
			projectRoot = "";
			targets = (
				3370D5A92CB4F41800ADFCB1 /* RealEstateAR */,
			);
		};
/* End PBXProject section */

/* Begin PBXResourcesBuildPhase section */
		3370D5A82CB4F41800ADFCB1 /* Resources */ = {
			isa = PBXResourcesBuildPhase;
			buildActionMask = 2147483647;
			files = (
				3370D5B52CB4F41A00ADFCB1 /* Preview Assets.xcassets in Resources */,
				3370D5B22CB4F41A00ADFCB1 /* Assets.xcassets in Resources */,
				33C0401A2CC3398600ED2053 /* GoogleService-Info.plist in Resources */,
			);
			runOnlyForDeploymentPostprocessing = 0;
		};
/* End PBXResourcesBuildPhase section */

/* Begin PBXSourcesBuildPhase section */
		3370D5A62CB4F41800ADFCB1 /* Sources */ = {
			isa = PBXSourcesBuildPhase;
			buildActionMask = 2147483647;
			files = (
				3370D5B72CB4F41A00ADFCB1 /* Persistence.swift in Sources */,
				3370D5B02CB4F41800ADFCB1 /* ContentView.swift in Sources */,
				3370D5BA2CB4F41A00ADFCB1 /* RealEstateAR.xcdatamodeld in Sources */,
				33492C082CC6DE150079C5F6 /* HomeView.swift in Sources */,
				33C040092CBF59AF00ED2053 /* LoginView.swift in Sources */,
				3370D5AE2CB4F41800ADFCB1 /* RealEstateARApp.swift in Sources */,
			);
			runOnlyForDeploymentPostprocessing = 0;
		};
/* End PBXSourcesBuildPhase section */

/* Begin XCBuildConfiguration section */
		3370D5BB2CB4F41A00ADFCB1 /* Debug */ = {
			isa = XCBuildConfiguration;
			buildSettings = {
				ALWAYS_SEARCH_USER_PATHS = NO;
				ASSETCATALOG_COMPILER_GENERATE_SWIFT_ASSET_SYMBOL_EXTENSIONS = YES;
				CLANG_ANALYZER_NONNULL = YES;
				CLANG_ANALYZER_NUMBER_OBJECT_CONVERSION = YES_AGGRESSIVE;
				CLANG_CXX_LANGUAGE_STANDARD = "gnu++20";
				CLANG_ENABLE_MODULES = YES;
				CLANG_ENABLE_OBJC_ARC = YES;
				CLANG_ENABLE_OBJC_WEAK = YES;
				CLANG_WARN_BLOCK_CAPTURE_AUTORELEASING = YES;
				CLANG_WARN_BOOL_CONVERSION = YES;
				CLANG_WARN_COMMA = YES;
				CLANG_WARN_CONSTANT_CONVERSION = YES;
				CLANG_WARN_DEPRECATED_OBJC_IMPLEMENTATIONS = YES;
				CLANG_WARN_DIRECT_OBJC_ISA_USAGE = YES_ERROR;
				CLANG_WARN_DOCUMENTATION_COMMENTS = YES;
				CLANG_WARN_EMPTY_BODY = YES;
				CLANG_WARN_ENUM_CONVERSION = YES;
				CLANG_WARN_INFINITE_RECURSION = YES;
				CLANG_WARN_INT_CONVERSION = YES;
				CLANG_WARN_NON_LITERAL_NULL_CONVERSION = YES;
				CLANG_WARN_OBJC_IMPLICIT_RETAIN_SELF = YES;
				CLANG_WARN_OBJC_LITERAL_CONVERSION = YES;
				CLANG_WARN_OBJC_ROOT_CLASS = YES_ERROR;
				CLANG_WARN_QUOTED_INCLUDE_IN_FRAMEWORK_HEADER = YES;
				CLANG_WARN_RANGE_LOOP_ANALYSIS = YES;
				CLANG_WARN_STRICT_PROTOTYPES = YES;
				CLANG_WARN_SUSPICIOUS_MOVE = YES;
				CLANG_WARN_UNGUARDED_AVAILABILITY = YES_AGGRESSIVE;
				CLANG_WARN_UNREACHABLE_CODE = YES;
				CLANG_WARN__DUPLICATE_METHOD_MATCH = YES;
				COPY_PHASE_STRIP = NO;
				DEBUG_INFORMATION_FORMAT = dwarf;
				ENABLE_STRICT_OBJC_MSGSEND = YES;
				ENABLE_TESTABILITY = YES;
				ENABLE_USER_SCRIPT_SANDBOXING = YES;
				GCC_C_LANGUAGE_STANDARD = gnu17;
				GCC_DYNAMIC_NO_PIC = NO;
				GCC_NO_COMMON_BLOCKS = YES;
				GCC_OPTIMIZATION_LEVEL = 0;
				GCC_PREPROCESSOR_DEFINITIONS = (
					"DEBUG=1",
					"$(inherited)",
				);
				GCC_WARN_64_TO_32_BIT_CONVERSION = YES;
				GCC_WARN_ABOUT_RETURN_TYPE = YES_ERROR;
				GCC_WARN_UNDECLARED_SELECTOR = YES;
				GCC_WARN_UNINITIALIZED_AUTOS = YES_AGGRESSIVE;
				GCC_WARN_UNUSED_FUNCTION = YES;
				GCC_WARN_UNUSED_VARIABLE = YES;
				IPHONEOS_DEPLOYMENT_TARGET = 17.5;
				LOCALIZATION_PREFERS_STRING_CATALOGS = YES;
				MTL_ENABLE_DEBUG_INFO = INCLUDE_SOURCE;
				MTL_FAST_MATH = YES;
				ONLY_ACTIVE_ARCH = YES;
				SDKROOT = iphoneos;
				SWIFT_ACTIVE_COMPILATION_CONDITIONS = "DEBUG $(inherited)";
				SWIFT_OPTIMIZATION_LEVEL = "-Onone";
			};
			name = Debug;
		};
		3370D5BC2CB4F41A00ADFCB1 /* Release */ = {
			isa = XCBuildConfiguration;
			buildSettings = {
				ALWAYS_SEARCH_USER_PATHS = NO;
				ASSETCATALOG_COMPILER_GENERATE_SWIFT_ASSET_SYMBOL_EXTENSIONS = YES;
				CLANG_ANALYZER_NONNULL = YES;
				CLANG_ANALYZER_NUMBER_OBJECT_CONVERSION = YES_AGGRESSIVE;
				CLANG_CXX_LANGUAGE_STANDARD = "gnu++20";
				CLANG_ENABLE_MODULES = YES;
				CLANG_ENABLE_OBJC_ARC = YES;
				CLANG_ENABLE_OBJC_WEAK = YES;
				CLANG_WARN_BLOCK_CAPTURE_AUTORELEASING = YES;
				CLANG_WARN_BOOL_CONVERSION = YES;
				CLANG_WARN_COMMA = YES;
				CLANG_WARN_CONSTANT_CONVERSION = YES;
				CLANG_WARN_DEPRECATED_OBJC_IMPLEMENTATIONS = YES;
				CLANG_WARN_DIRECT_OBJC_ISA_USAGE = YES_ERROR;
				CLANG_WARN_DOCUMENTATION_COMMENTS = YES;
				CLANG_WARN_EMPTY_BODY = YES;
				CLANG_WARN_ENUM_CONVERSION = YES;
				CLANG_WARN_INFINITE_RECURSION = YES;
				CLANG_WARN_INT_CONVERSION = YES;
				CLANG_WARN_NON_LITERAL_NULL_CONVERSION = YES;
				CLANG_WARN_OBJC_IMPLICIT_RETAIN_SELF = YES;
				CLANG_WARN_OBJC_LITERAL_CONVERSION = YES;
				CLANG_WARN_OBJC_ROOT_CLASS = YES_ERROR;
				CLANG_WARN_QUOTED_INCLUDE_IN_FRAMEWORK_HEADER = YES;
				CLANG_WARN_RANGE_LOOP_ANALYSIS = YES;
				CLANG_WARN_STRICT_PROTOTYPES = YES;
				CLANG_WARN_SUSPICIOUS_MOVE = YES;
				CLANG_WARN_UNGUARDED_AVAILABILITY = YES_AGGRESSIVE;
				CLANG_WARN_UNREACHABLE_CODE = YES;
				CLANG_WARN__DUPLICATE_METHOD_MATCH = YES;
				COPY_PHASE_STRIP = NO;
				DEBUG_INFORMATION_FORMAT = "dwarf-with-dsym";
				ENABLE_NS_ASSERTIONS = NO;
				ENABLE_STRICT_OBJC_MSGSEND = YES;
				ENABLE_USER_SCRIPT_SANDBOXING = YES;
				GCC_C_LANGUAGE_STANDARD = gnu17;
				GCC_NO_COMMON_BLOCKS = YES;
				GCC_WARN_64_TO_32_BIT_CONVERSION = YES;
				GCC_WARN_ABOUT_RETURN_TYPE = YES_ERROR;
				GCC_WARN_UNDECLARED_SELECTOR = YES;
				GCC_WARN_UNINITIALIZED_AUTOS = YES_AGGRESSIVE;
				GCC_WARN_UNUSED_FUNCTION = YES;
				GCC_WARN_UNUSED_VARIABLE = YES;
				IPHONEOS_DEPLOYMENT_TARGET = 17.5;
				LOCALIZATION_PREFERS_STRING_CATALOGS = YES;
				MTL_ENABLE_DEBUG_INFO = NO;
				MTL_FAST_MATH = YES;
				SDKROOT = iphoneos;
				SWIFT_COMPILATION_MODE = wholemodule;
				VALIDATE_PRODUCT = YES;
			};
			name = Release;
		};
		3370D5BE2CB4F41A00ADFCB1 /* Debug */ = {
			isa = XCBuildConfiguration;
			buildSettings = {
				ASSETCATALOG_COMPILER_APPICON_NAME = AppIcon;
				ASSETCATALOG_COMPILER_GLOBAL_ACCENT_COLOR_NAME = AccentColor;
				CODE_SIGN_STYLE = Automatic;
				CURRENT_PROJECT_VERSION = 1;
				DEVELOPMENT_ASSET_PATHS = "\"RealEstateAR/Preview Content\"";
				DEVELOPMENT_TEAM = J9Q34BYMQY;
				ENABLE_PREVIEWS = YES;
				GENERATE_INFOPLIST_FILE = YES;
				INFOPLIST_FILE = RealEstateAR/Info.plist;
				INFOPLIST_KEY_UIApplicationSceneManifest_Generation = YES;
				INFOPLIST_KEY_UIApplicationSupportsIndirectInputEvents = YES;
				INFOPLIST_KEY_UILaunchScreen_Generation = YES;
				INFOPLIST_KEY_UISupportedInterfaceOrientations_iPad = "UIInterfaceOrientationPortrait UIInterfaceOrientationPortraitUpsideDown UIInterfaceOrientationLandscapeLeft UIInterfaceOrientationLandscapeRight";
				INFOPLIST_KEY_UISupportedInterfaceOrientations_iPhone = "UIInterfaceOrientationPortrait UIInterfaceOrientationLandscapeLeft UIInterfaceOrientationLandscapeRight";
				LD_RUNPATH_SEARCH_PATHS = (
					"$(inherited)",
					"@executable_path/Frameworks",
				);
				MARKETING_VERSION = 1.0;
				PRODUCT_BUNDLE_IDENTIFIER = team13.RealEstateAR;
				PRODUCT_NAME = "$(TARGET_NAME)";
				SWIFT_EMIT_LOC_STRINGS = YES;
				SWIFT_VERSION = 5.0;
				TARGETED_DEVICE_FAMILY = "1,2";
			};
			name = Debug;
		};
		3370D5BF2CB4F41A00ADFCB1 /* Release */ = {
			isa = XCBuildConfiguration;
			buildSettings = {
				ASSETCATALOG_COMPILER_APPICON_NAME = AppIcon;
				ASSETCATALOG_COMPILER_GLOBAL_ACCENT_COLOR_NAME = AccentColor;
				CODE_SIGN_STYLE = Automatic;
				CURRENT_PROJECT_VERSION = 1;
				DEVELOPMENT_ASSET_PATHS = "\"RealEstateAR/Preview Content\"";
				DEVELOPMENT_TEAM = J9Q34BYMQY;
				ENABLE_PREVIEWS = YES;
				GENERATE_INFOPLIST_FILE = YES;
				INFOPLIST_FILE = RealEstateAR/Info.plist;
				INFOPLIST_KEY_UIApplicationSceneManifest_Generation = YES;
				INFOPLIST_KEY_UIApplicationSupportsIndirectInputEvents = YES;
				INFOPLIST_KEY_UILaunchScreen_Generation = YES;
				INFOPLIST_KEY_UISupportedInterfaceOrientations_iPad = "UIInterfaceOrientationPortrait UIInterfaceOrientationPortraitUpsideDown UIInterfaceOrientationLandscapeLeft UIInterfaceOrientationLandscapeRight";
				INFOPLIST_KEY_UISupportedInterfaceOrientations_iPhone = "UIInterfaceOrientationPortrait UIInterfaceOrientationLandscapeLeft UIInterfaceOrientationLandscapeRight";
				LD_RUNPATH_SEARCH_PATHS = (
					"$(inherited)",
					"@executable_path/Frameworks",
				);
				MARKETING_VERSION = 1.0;
				PRODUCT_BUNDLE_IDENTIFIER = team13.RealEstateAR;
				PRODUCT_NAME = "$(TARGET_NAME)";
				SWIFT_EMIT_LOC_STRINGS = YES;
				SWIFT_VERSION = 5.0;
				TARGETED_DEVICE_FAMILY = "1,2";
			};
			name = Release;
		};
/* End XCBuildConfiguration section */

/* Begin XCConfigurationList section */
		3370D5A52CB4F41800ADFCB1 /* Build configuration list for PBXProject "RealEstateAR" */ = {
			isa = XCConfigurationList;
			buildConfigurations = (
				3370D5BB2CB4F41A00ADFCB1 /* Debug */,
				3370D5BC2CB4F41A00ADFCB1 /* Release */,
			);
			defaultConfigurationIsVisible = 0;
			defaultConfigurationName = Release;
		};
		3370D5BD2CB4F41A00ADFCB1 /* Build configuration list for PBXNativeTarget "RealEstateAR" */ = {
			isa = XCConfigurationList;
			buildConfigurations = (
				3370D5BE2CB4F41A00ADFCB1 /* Debug */,
				3370D5BF2CB4F41A00ADFCB1 /* Release */,
			);
			defaultConfigurationIsVisible = 0;
			defaultConfigurationName = Release;
		};
/* End XCConfigurationList section */

/* Begin XCRemoteSwiftPackageReference section */
		33C0400A2CBF5E5100ED2053 /* XCRemoteSwiftPackageReference "firebase-ios-sdk" */ = {
			isa = XCRemoteSwiftPackageReference;
			repositoryURL = "https://github.com/firebase/firebase-ios-sdk";
			requirement = {
				kind = upToNextMajorVersion;
				minimumVersion = 11.3.0;
			};
		};
		33C040142CC32E2300ED2053 /* XCRemoteSwiftPackageReference "GoogleSignIn-iOS" */ = {
			isa = XCRemoteSwiftPackageReference;
			repositoryURL = "https://github.com/google/GoogleSignIn-iOS";
			requirement = {
				kind = upToNextMajorVersion;
				minimumVersion = 8.0.0;
			};
		};
/* End XCRemoteSwiftPackageReference section */

/* Begin XCSwiftPackageProductDependency section */
		33C0400E2CC0690900ED2053 /* FirebaseAuth */ = {
			isa = XCSwiftPackageProductDependency;
			package = 33C0400A2CBF5E5100ED2053 /* XCRemoteSwiftPackageReference "firebase-ios-sdk" */;
			productName = FirebaseAuth;
		};
		33C040102CC0690900ED2053 /* FirebaseCore */ = {
			isa = XCSwiftPackageProductDependency;
			package = 33C0400A2CBF5E5100ED2053 /* XCRemoteSwiftPackageReference "firebase-ios-sdk" */;
			productName = FirebaseCore;
		};
		33C040122CC0690900ED2053 /* FirebaseFirestore */ = {
			isa = XCSwiftPackageProductDependency;
			package = 33C0400A2CBF5E5100ED2053 /* XCRemoteSwiftPackageReference "firebase-ios-sdk" */;
			productName = FirebaseFirestore;
		};
		33C040152CC32E2300ED2053 /* GoogleSignIn */ = {
			isa = XCSwiftPackageProductDependency;
			package = 33C040142CC32E2300ED2053 /* XCRemoteSwiftPackageReference "GoogleSignIn-iOS" */;
			productName = GoogleSignIn;
		};
		33C040172CC32E2300ED2053 /* GoogleSignInSwift */ = {
			isa = XCSwiftPackageProductDependency;
			package = 33C040142CC32E2300ED2053 /* XCRemoteSwiftPackageReference "GoogleSignIn-iOS" */;
			productName = GoogleSignInSwift;
		};
/* End XCSwiftPackageProductDependency section */

/* Begin XCVersionGroup section */
		3370D5B82CB4F41A00ADFCB1 /* RealEstateAR.xcdatamodeld */ = {
			isa = XCVersionGroup;
			children = (
				3370D5B92CB4F41A00ADFCB1 /* RealEstateAR.xcdatamodel */,
			);
			currentVersion = 3370D5B92CB4F41A00ADFCB1 /* RealEstateAR.xcdatamodel */;
			path = RealEstateAR.xcdatamodeld;
			sourceTree = "<group>";
			versionGroupType = wrapper.xcdatamodel;
		};
/* End XCVersionGroup section */
	};
	rootObject = 3370D5A22CB4F41800ADFCB1 /* Project object */;
}
